
Microsoft Visual Studio Solution File, Format Version 12.00
# Visual Studio 15
VisualStudioVersion = 15.0.28307.168
MinimumVisualStudioVersion = 10.0.40219.1
Project("{9A19103F-16F7-4668-BE54-9A1E7A4F7556}") = "AutoCar", "WebApplication1\AutoCar.csproj", "{BEF2EC82-DFDE-4478-9656-5F3FFEE903CB}"
EndProject
Global
	GlobalSection(SolutionConfigurationPlatforms) = preSolution
		Debug|Any CPU = Debug|Any CPU
		Release|Any CPU = Release|Any CPU
	EndGlobalSection
	GlobalSection(ProjectConfigurationPlatforms) = postSolution
		{BEF2EC82-DFDE-4478-9656-5F3FFEE903CB}.Debug|Any CPU.ActiveCfg = Debug|Any CPU
		{BEF2EC82-DFDE-4478-9656-5F3FFEE903CB}.Debug|Any CPU.Build.0 = Debug|Any CPU
		{BEF2EC82-DFDE-4478-9656-5F3FFEE903CB}.Release|Any CPU.ActiveCfg = Release|Any CPU
		{BEF2EC82-DFDE-4478-9656-5F3FFEE903CB}.Release|Any CPU.Build.0 = Release|Any CPU
	EndGlobalSection
	GlobalSection(SolutionProperties) = preSolution
		HideSolutionNode = FALSE
	EndGlobalSection
	GlobalSection(ExtensibilityGlobals) = postSolution
		SolutionGuid = {EB2DA8DB-D406-4EDE-9D87-9E86D5D925A4}
	EndGlobalSection
EndGlobal
